
Microsoft Visual Studio Solution File, Format Version 12.00
# Visual Studio Version 17
VisualStudioVersion = 17.4.33213.308
MinimumVisualStudioVersion = 10.0.40219.1
Project("{FAE04EC0-301F-11D3-BF4B-00C04F79EFBC}") = "tarea.Android", "tarea\tarea.Android\tarea.Android.csproj", "{50DFBF5A-D196-497B-92CE-E7056ECA6BAB}"
EndProject
Project("{9A19103F-16F7-4668-BE54-9A1E7A4F7556}") = "tarea", "tarea\tarea\tarea.csproj", "{58F0CB85-6416-4004-BCF8-77C8A7CD5BE5}"
EndProject
Project("{2150E333-8FDC-42A3-9474-1A3956D46DE8}") = "NewFolder1", "NewFolder1", "{81794360-7EEC-483A-A293-D1E193E1B8BD}"
EndProject
Global
	GlobalSection(SolutionConfigurationPlatforms) = preSolution
		Debug|Any CPU = Debug|Any CPU
		Release|Any CPU = Release|Any CPU
	EndGlobalSection
	GlobalSection(ProjectConfigurationPlatforms) = postSolution
		{50DFBF5A-D196-497B-92CE-E7056ECA6BAB}.Debug|Any CPU.ActiveCfg = Debug|Any CPU
		{50DFBF5A-D196-497B-92CE-E7056ECA6BAB}.Debug|Any CPU.Build.0 = Debug|Any CPU
		{50DFBF5A-D196-497B-92CE-E7056ECA6BAB}.Debug|Any CPU.Deploy.0 = Debug|Any CPU
		{50DFBF5A-D196-497B-92CE-E7056ECA6BAB}.Release|Any CPU.ActiveCfg = Release|Any CPU
		{50DFBF5A-D196-497B-92CE-E7056ECA6BAB}.Release|Any CPU.Build.0 = Release|Any CPU
		{50DFBF5A-D196-497B-92CE-E7056ECA6BAB}.Release|Any CPU.Deploy.0 = Release|Any CPU
		{58F0CB85-6416-4004-BCF8-77C8A7CD5BE5}.Debug|Any CPU.ActiveCfg = Debug|Any CPU
		{58F0CB85-6416-4004-BCF8-77C8A7CD5BE5}.Debug|Any CPU.Build.0 = Debug|Any CPU
		{58F0CB85-6416-4004-BCF8-77C8A7CD5BE5}.Debug|Any CPU.Deploy.0 = Debug|Any CPU
		{58F0CB85-6416-4004-BCF8-77C8A7CD5BE5}.Release|Any CPU.ActiveCfg = Release|Any CPU
		{58F0CB85-6416-4004-BCF8-77C8A7CD5BE5}.Release|Any CPU.Build.0 = Release|Any CPU
		{58F0CB85-6416-4004-BCF8-77C8A7CD5BE5}.Release|Any CPU.Deploy.0 = Release|Any CPU
	EndGlobalSection
	GlobalSection(SolutionProperties) = preSolution
		HideSolutionNode = FALSE
	EndGlobalSection
	GlobalSection(ExtensibilityGlobals) = postSolution
		SolutionGuid = {1E9EDF6F-0A4E-426B-AB4C-7865C78EE104}
	EndGlobalSection
EndGlobal
